{
  "name": "fatmacho",
  "version": "0.1.1",
  "lockfileVersion": 1,
  "requires": true,
  "dependencies": {
    "endian-reader": {
      "version": "0.1.0",
      "resolved": "https://registry.npmjs.org/endian-reader/-/endian-reader-0.1.0.tgz",
      "integrity": "sha1-7tYexWSqX2KFJI82JF4siRVtlKw="
    },
    "macho": {
      "version": "1.4.0",
      "resolved": "https://registry.npmjs.org/macho/-/macho-1.4.0.tgz",
      "integrity": "sha512-PT3YMEKYogCeVYEA2bCFRZASNyn/JaOhjq6eV8SzBQ3RFia7XU8ASQCgGx+f3RnJFHT+xavLP+Qds48jQb0J5Q==",
      "requires": {
        "endian-reader": "^0.1.0"
      }
    }
  }
}
